
Microsoft Visual Studio Solution File, Format Version 12.00
# Visual Studio Version 17
VisualStudioVersion = 17.2.32602.215
MinimumVisualStudioVersion = 10.0.40219.1
Project("{8BC9CEB8-8B4A-11D0-8D11-00A0C91BC942}") = "HolaOpenGL", "HolaOpenGL\HolaOpenGL.vcxproj", "{F76F537F-27B0-4A04-87BB-415EF1D52F3C}"
EndProject
Project("{8BC9CEB8-8B4A-11D0-8D11-00A0C91BC942}") = "Practica1", "Practica1\Practica1.vcxproj", "{D74AFE8A-6568-4A26-BA16-30185CC9C9BA}"
EndProject
Project("{8BC9CEB8-8B4A-11D0-8D11-00A0C91BC942}") = "Practica2", "Practica2\Practica2.vcxproj", "{AC42574A-A928-4162-9773-E88C6B3AF2E1}"
EndProject
Project("{8BC9CEB8-8B4A-11D0-8D11-00A0C91BC942}") = "Practica3", "Practica3\Practica3.vcxproj", "{9F966497-D54D-4E59-87F5-87BB268AC793}"
EndProject
Project("{8BC9CEB8-8B4A-11D0-8D11-00A0C91BC942}") = "Practica4", "Practica4\Practica4.vcxproj", "{9A6CA169-2D89-4BE3-AA3B-DB89A09116B1}"
EndProject
Project("{8BC9CEB8-8B4A-11D0-8D11-00A0C91BC942}") = "S5_Animacion", "S5_Animacion\S5_Animacion.vcxproj", "{1EB91B32-C22E-4949-BBFC-F94B5D75E82F}"
EndProject
Project("{8BC9CEB8-8B4A-11D0-8D11-00A0C91BC942}") = "Practica5", "Practica5\Practica5.vcxproj", "{2C36A141-B5FF-4F27-AE37-976B3C2A9A72}"
EndProject
Project("{8BC9CEB8-8B4A-11D0-8D11-00A0C91BC942}") = "S3_Transformaciones", "Seminario2\Seminario2.vcxproj", "{144B4B09-BF22-4CD8-8A34-C14EBFD6D8F6}"
EndProject
Project("{8BC9CEB8-8B4A-11D0-8D11-00A0C91BC942}") = "S2_Geometria", "S2_Geometria\S2_Geometria.vcxproj", "{9FF22303-229D-49F2-9122-5905D08121D5}"
EndProject
Project("{8BC9CEB8-8B4A-11D0-8D11-00A0C91BC942}") = "Prueba", "Prueba\Prueba.vcxproj", "{29239DE2-7DC4-4C2B-A588-ECDDC2DFD7B1}"
EndProject
Global
	GlobalSection(SolutionConfigurationPlatforms) = preSolution
		Debug|x64 = Debug|x64
		Debug|x86 = Debug|x86
		Release|x64 = Release|x64
		Release|x86 = Release|x86
	EndGlobalSection
	GlobalSection(ProjectConfigurationPlatforms) = postSolution
		{F76F537F-27B0-4A04-87BB-415EF1D52F3C}.Debug|x64.ActiveCfg = Debug|x64
		{F76F537F-27B0-4A04-87BB-415EF1D52F3C}.Debug|x64.Build.0 = Debug|x64
		{F76F537F-27B0-4A04-87BB-415EF1D52F3C}.Debug|x86.ActiveCfg = Debug|Win32
		{F76F537F-27B0-4A04-87BB-415EF1D52F3C}.Debug|x86.Build.0 = Debug|Win32
		{F76F537F-27B0-4A04-87BB-415EF1D52F3C}.Release|x64.ActiveCfg = Release|x64
		{F76F537F-27B0-4A04-87BB-415EF1D52F3C}.Release|x64.Build.0 = Release|x64
		{F76F537F-27B0-4A04-87BB-415EF1D52F3C}.Release|x86.ActiveCfg = Release|Win32
		{F76F537F-27B0-4A04-87BB-415EF1D52F3C}.Release|x86.Build.0 = Release|Win32
		{D74AFE8A-6568-4A26-BA16-30185CC9C9BA}.Debug|x64.ActiveCfg = Debug|x64
		{D74AFE8A-6568-4A26-BA16-30185CC9C9BA}.Debug|x64.Build.0 = Debug|x64
		{D74AFE8A-6568-4A26-BA16-30185CC9C9BA}.Debug|x86.ActiveCfg = Debug|Win32
		{D74AFE8A-6568-4A26-BA16-30185CC9C9BA}.Debug|x86.Build.0 = Debug|Win32
		{D74AFE8A-6568-4A26-BA16-30185CC9C9BA}.Release|x64.ActiveCfg = Release|x64
		{D74AFE8A-6568-4A26-BA16-30185CC9C9BA}.Release|x64.Build.0 = Release|x64
		{D74AFE8A-6568-4A26-BA16-30185CC9C9BA}.Release|x86.ActiveCfg = Release|Win32
		{D74AFE8A-6568-4A26-BA16-30185CC9C9BA}.Release|x86.Build.0 = Release|Win32
		{AC42574A-A928-4162-9773-E88C6B3AF2E1}.Debug|x64.ActiveCfg = Debug|x64
		{AC42574A-A928-4162-9773-E88C6B3AF2E1}.Debug|x64.Build.0 = Debug|x64
		{AC42574A-A928-4162-9773-E88C6B3AF2E1}.Debug|x86.ActiveCfg = Debug|Win32
		{AC42574A-A928-4162-9773-E88C6B3AF2E1}.Debug|x86.Build.0 = Debug|Win32
		{AC42574A-A928-4162-9773-E88C6B3AF2E1}.Release|x64.ActiveCfg = Release|x64
		{AC42574A-A928-4162-9773-E88C6B3AF2E1}.Release|x64.Build.0 = Release|x64
		{AC42574A-A928-4162-9773-E88C6B3AF2E1}.Release|x86.ActiveCfg = Release|Win32
		{AC42574A-A928-4162-9773-E88C6B3AF2E1}.Release|x86.Build.0 = Release|Win32
		{9F966497-D54D-4E59-87F5-87BB268AC793}.Debug|x64.ActiveCfg = Debug|x64
		{9F966497-D54D-4E59-87F5-87BB268AC793}.Debug|x64.Build.0 = Debug|x64
		{9F966497-D54D-4E59-87F5-87BB268AC793}.Debug|x86.ActiveCfg = Debug|Win32
		{9F966497-D54D-4E59-87F5-87BB268AC793}.Debug|x86.Build.0 = Debug|Win32
		{9F966497-D54D-4E59-87F5-87BB268AC793}.Release|x64.ActiveCfg = Release|x64
		{9F966497-D54D-4E59-87F5-87BB268AC793}.Release|x64.Build.0 = Release|x64
		{9F966497-D54D-4E59-87F5-87BB268AC793}.Release|x86.ActiveCfg = Release|Win32
		{9F966497-D54D-4E59-87F5-87BB268AC793}.Release|x86.Build.0 = Release|Win32
		{9A6CA169-2D89-4BE3-AA3B-DB89A09116B1}.Debug|x64.ActiveCfg = Debug|x64
		{9A6CA169-2D89-4BE3-AA3B-DB89A09116B1}.Debug|x64.Build.0 = Debug|x64
		{9A6CA169-2D89-4BE3-AA3B-DB89A09116B1}.Debug|x86.ActiveCfg = Debug|Win32
		{9A6CA169-2D89-4BE3-AA3B-DB89A09116B1}.Debug|x86.Build.0 = Debug|Win32
		{9A6CA169-2D89-4BE3-AA3B-DB89A09116B1}.Release|x64.ActiveCfg = Release|x64
		{9A6CA169-2D89-4BE3-AA3B-DB89A09116B1}.Release|x64.Build.0 = Release|x64
		{9A6CA169-2D89-4BE3-AA3B-DB89A09116B1}.Release|x86.ActiveCfg = Release|Win32
		{9A6CA169-2D89-4BE3-AA3B-DB89A09116B1}.Release|x86.Build.0 = Release|Win32
		{1EB91B32-C22E-4949-BBFC-F94B5D75E82F}.Debug|x64.ActiveCfg = Debug|x64
		{1EB91B32-C22E-4949-BBFC-F94B5D75E82F}.Debug|x64.Build.0 = Debug|x64
		{1EB91B32-C22E-4949-BBFC-F94B5D75E82F}.Debug|x86.ActiveCfg = Debug|Win32
		{1EB91B32-C22E-4949-BBFC-F94B5D75E82F}.Debug|x86.Build.0 = Debug|Win32
		{1EB91B32-C22E-4949-BBFC-F94B5D75E82F}.Release|x64.ActiveCfg = Release|x64
		{1EB91B32-C22E-4949-BBFC-F94B5D75E82F}.Release|x64.Build.0 = Release|x64
		{1EB91B32-C22E-4949-BBFC-F94B5D75E82F}.Release|x86.ActiveCfg = Release|Win32
		{1EB91B32-C22E-4949-BBFC-F94B5D75E82F}.Release|x86.Build.0 = Release|Win32
		{2C36A141-B5FF-4F27-AE37-976B3C2A9A72}.Debug|x64.ActiveCfg = Debug|x64
		{2C36A141-B5FF-4F27-AE37-976B3C2A9A72}.Debug|x64.Build.0 = Debug|x64
		{2C36A141-B5FF-4F27-AE37-976B3C2A9A72}.Debug|x86.ActiveCfg = Debug|Win32
		{2C36A141-B5FF-4F27-AE37-976B3C2A9A72}.Debug|x86.Build.0 = Debug|Win32
		{2C36A141-B5FF-4F27-AE37-976B3C2A9A72}.Release|x64.ActiveCfg = Release|x64
		{2C36A141-B5FF-4F27-AE37-976B3C2A9A72}.Release|x64.Build.0 = Release|x64
		{2C36A141-B5FF-4F27-AE37-976B3C2A9A72}.Release|x86.ActiveCfg = Release|Win32
		{2C36A141-B5FF-4F27-AE37-976B3C2A9A72}.Release|x86.Build.0 = Release|Win32
		{144B4B09-BF22-4CD8-8A34-C14EBFD6D8F6}.Debug|x64.ActiveCfg = Debug|x64
		{144B4B09-BF22-4CD8-8A34-C14EBFD6D8F6}.Debug|x64.Build.0 = Debug|x64
		{144B4B09-BF22-4CD8-8A34-C14EBFD6D8F6}.Debug|x86.ActiveCfg = Debug|Win32
		{144B4B09-BF22-4CD8-8A34-C14EBFD6D8F6}.Debug|x86.Build.0 = Debug|Win32
		{144B4B09-BF22-4CD8-8A34-C14EBFD6D8F6}.Release|x64.ActiveCfg = Release|x64
		{144B4B09-BF22-4CD8-8A34-C14EBFD6D8F6}.Release|x64.Build.0 = Release|x64
		{144B4B09-BF22-4CD8-8A34-C14EBFD6D8F6}.Release|x86.ActiveCfg = Release|Win32
		{144B4B09-BF22-4CD8-8A34-C14EBFD6D8F6}.Release|x86.Build.0 = Release|Win32
		{9FF22303-229D-49F2-9122-5905D08121D5}.Debug|x64.ActiveCfg = Debug|x64
		{9FF22303-229D-49F2-9122-5905D08121D5}.Debug|x64.Build.0 = Debug|x64
		{9FF22303-229D-49F2-9122-5905D08121D5}.Debug|x86.ActiveCfg = Debug|Win32
		{9FF22303-229D-49F2-9122-5905D08121D5}.Debug|x86.Build.0 = Debug|Win32
		{9FF22303-229D-49F2-9122-5905D08121D5}.Release|x64.ActiveCfg = Release|x64
		{9FF22303-229D-49F2-9122-5905D08121D5}.Release|x64.Build.0 = Release|x64
		{9FF22303-229D-49F2-9122-5905D08121D5}.Release|x86.ActiveCfg = Release|Win32
		{9FF22303-229D-49F2-9122-5905D08121D5}.Release|x86.Build.0 = Release|Win32
		{29239DE2-7DC4-4C2B-A588-ECDDC2DFD7B1}.Debug|x64.ActiveCfg = Debug|x64
		{29239DE2-7DC4-4C2B-A588-ECDDC2DFD7B1}.Debug|x64.Build.0 = Debug|x64
		{29239DE2-7DC4-4C2B-A588-ECDDC2DFD7B1}.Debug|x86.ActiveCfg = Debug|Win32
		{29239DE2-7DC4-4C2B-A588-ECDDC2DFD7B1}.Debug|x86.Build.0 = Debug|Win32
		{29239DE2-7DC4-4C2B-A588-ECDDC2DFD7B1}.Release|x64.ActiveCfg = Release|x64
		{29239DE2-7DC4-4C2B-A588-ECDDC2DFD7B1}.Release|x64.Build.0 = Release|x64
		{29239DE2-7DC4-4C2B-A588-ECDDC2DFD7B1}.Release|x86.ActiveCfg = Release|Win32
		{29239DE2-7DC4-4C2B-A588-ECDDC2DFD7B1}.Release|x86.Build.0 = Release|Win32
	EndGlobalSection
	GlobalSection(SolutionProperties) = preSolution
		HideSolutionNode = FALSE
	EndGlobalSection
	GlobalSection(ExtensibilityGlobals) = postSolution
		SolutionGuid = {CA95E3BB-927D-4E1A-B272-11494BA44995}
	EndGlobalSection
EndGlobal
